
Microsoft Visual Studio Solution File, Format Version 12.00
# Visual Studio Version 16
VisualStudioVersion = 16.0.30011.22
MinimumVisualStudioVersion = 10.0.40219.1
Project("{FAE04EC0-301F-11D3-BF4B-00C04F79EFBC}") = "AutoGunfireReborn", "AutoGunfireReborn\AutoGunfireReborn.csproj", "{A65EBB3E-BB73-43DC-825B-DE71555EB0E5}"
	ProjectSection(ProjectDependencies) = postProject
		{786E2464-E23C-4392-A81A-870456D7FD63} = {786E2464-E23C-4392-A81A-870456D7FD63}
	EndProjectSection
EndProject
Project("{9A19103F-16F7-4668-BE54-9A1E7A4F7556}") = "AssemblyUnhollower", "Il2CppAssemblyUnhollower\AssemblyUnhollower\AssemblyUnhollower.csproj", "{B6EB4C86-9B1A-4719-8707-D84B234F7676}"
EndProject
Project("{9A19103F-16F7-4668-BE54-9A1E7A4F7556}") = "UnhollowerBaseLib", "Il2CppAssemblyUnhollower\UnhollowerBaseLib\UnhollowerBaseLib.csproj", "{B7C01AE9-0FC8-4751-B56D-F2ECFC72F269}"
EndProject
Project("{9A19103F-16F7-4668-BE54-9A1E7A4F7556}") = "UnhollowerRuntimeLib", "Il2CppAssemblyUnhollower\UnhollowerRuntimeLib\UnhollowerRuntimeLib.csproj", "{A969803F-C2AF-4E42-B772-A48C18116CBC}"
EndProject
Project("{9A19103F-16F7-4668-BE54-9A1E7A4F7556}") = "Il2CppDumper", "Il2CppDumper\Il2CppDumper\Il2CppDumper.csproj", "{8975D064-7ECE-49EE-A68D-F52D22B4D98F}"
EndProject
Project("{FAE04EC0-301F-11D3-BF4B-00C04F79EFBC}") = "GunfireRebornDumper", "GunfireRebornDumper\GunfireRebornDumper.csproj", "{385C11FF-EF0F-4FD5-B207-B76820ADE367}"
EndProject
Project("{FAE04EC0-301F-11D3-BF4B-00C04F79EFBC}") = "GunfireRebornMods", "GunfireRebornMods\GunfireRebornMods.csproj", "{786E2464-E23C-4392-A81A-870456D7FD63}"
EndProject
Project("{9A19103F-16F7-4668-BE54-9A1E7A4F7556}") = "SharpMonoInjector", "SharpMonoInjector\src\SharpMonoInjector\SharpMonoInjector.csproj", "{853E7B3F-A045-4730-855C-CB04F9799FEF}"
EndProject
Global
	GlobalSection(SolutionConfigurationPlatforms) = preSolution
		Debug|Any CPU = Debug|Any CPU
		Debug|x64 = Debug|x64
		Debug|x86 = Debug|x86
		Release|Any CPU = Release|Any CPU
		Release|x64 = Release|x64
		Release|x86 = Release|x86
	EndGlobalSection
	GlobalSection(ProjectConfigurationPlatforms) = postSolution
		{A65EBB3E-BB73-43DC-825B-DE71555EB0E5}.Debug|Any CPU.ActiveCfg = Debug|Any CPU
		{A65EBB3E-BB73-43DC-825B-DE71555EB0E5}.Debug|Any CPU.Build.0 = Debug|Any CPU
		{A65EBB3E-BB73-43DC-825B-DE71555EB0E5}.Debug|x64.ActiveCfg = Debug|x64
		{A65EBB3E-BB73-43DC-825B-DE71555EB0E5}.Debug|x64.Build.0 = Debug|x64
		{A65EBB3E-BB73-43DC-825B-DE71555EB0E5}.Debug|x86.ActiveCfg = Debug|Any CPU
		{A65EBB3E-BB73-43DC-825B-DE71555EB0E5}.Debug|x86.Build.0 = Debug|Any CPU
		{A65EBB3E-BB73-43DC-825B-DE71555EB0E5}.Release|Any CPU.ActiveCfg = Release|Any CPU
		{A65EBB3E-BB73-43DC-825B-DE71555EB0E5}.Release|Any CPU.Build.0 = Release|Any CPU
		{A65EBB3E-BB73-43DC-825B-DE71555EB0E5}.Release|x64.ActiveCfg = Release|x64
		{A65EBB3E-BB73-43DC-825B-DE71555EB0E5}.Release|x64.Build.0 = Release|x64
		{A65EBB3E-BB73-43DC-825B-DE71555EB0E5}.Release|x86.ActiveCfg = Release|Any CPU
		{A65EBB3E-BB73-43DC-825B-DE71555EB0E5}.Release|x86.Build.0 = Release|Any CPU
		{B6EB4C86-9B1A-4719-8707-D84B234F7676}.Debug|Any CPU.ActiveCfg = Debug|Any CPU
		{B6EB4C86-9B1A-4719-8707-D84B234F7676}.Debug|Any CPU.Build.0 = Debug|Any CPU
		{B6EB4C86-9B1A-4719-8707-D84B234F7676}.Debug|x64.ActiveCfg = Debug|Any CPU
		{B6EB4C86-9B1A-4719-8707-D84B234F7676}.Debug|x64.Build.0 = Debug|Any CPU
		{B6EB4C86-9B1A-4719-8707-D84B234F7676}.Debug|x86.ActiveCfg = Debug|Any CPU
		{B6EB4C86-9B1A-4719-8707-D84B234F7676}.Debug|x86.Build.0 = Debug|Any CPU
		{B6EB4C86-9B1A-4719-8707-D84B234F7676}.Release|Any CPU.ActiveCfg = Release|Any CPU
		{B6EB4C86-9B1A-4719-8707-D84B234F7676}.Release|Any CPU.Build.0 = Release|Any CPU
		{B6EB4C86-9B1A-4719-8707-D84B234F7676}.Release|x64.ActiveCfg = Release|Any CPU
		{B6EB4C86-9B1A-4719-8707-D84B234F7676}.Release|x64.Build.0 = Release|Any CPU
		{B6EB4C86-9B1A-4719-8707-D84B234F7676}.Release|x86.ActiveCfg = Release|Any CPU
		{B6EB4C86-9B1A-4719-8707-D84B234F7676}.Release|x86.Build.0 = Release|Any CPU
		{B7C01AE9-0FC8-4751-B56D-F2ECFC72F269}.Debug|Any CPU.ActiveCfg = Debug|Any CPU
		{B7C01AE9-0FC8-4751-B56D-F2ECFC72F269}.Debug|Any CPU.Build.0 = Debug|Any CPU
		{B7C01AE9-0FC8-4751-B56D-F2ECFC72F269}.Debug|x64.ActiveCfg = Debug|Any CPU
		{B7C01AE9-0FC8-4751-B56D-F2ECFC72F269}.Debug|x64.Build.0 = Debug|Any CPU
		{B7C01AE9-0FC8-4751-B56D-F2ECFC72F269}.Debug|x86.ActiveCfg = Debug|Any CPU
		{B7C01AE9-0FC8-4751-B56D-F2ECFC72F269}.Debug|x86.Build.0 = Debug|Any CPU
		{B7C01AE9-0FC8-4751-B56D-F2ECFC72F269}.Release|Any CPU.ActiveCfg = Release|Any CPU
		{B7C01AE9-0FC8-4751-B56D-F2ECFC72F269}.Release|Any CPU.Build.0 = Release|Any CPU
		{B7C01AE9-0FC8-4751-B56D-F2ECFC72F269}.Release|x64.ActiveCfg = Release|Any CPU
		{B7C01AE9-0FC8-4751-B56D-F2ECFC72F269}.Release|x64.Build.0 = Release|Any CPU
		{B7C01AE9-0FC8-4751-B56D-F2ECFC72F269}.Release|x86.ActiveCfg = Release|Any CPU
		{B7C01AE9-0FC8-4751-B56D-F2ECFC72F269}.Release|x86.Build.0 = Release|Any CPU
		{A969803F-C2AF-4E42-B772-A48C18116CBC}.Debug|Any CPU.ActiveCfg = Debug|Any CPU
		{A969803F-C2AF-4E42-B772-A48C18116CBC}.Debug|Any CPU.Build.0 = Debug|Any CPU
		{A969803F-C2AF-4E42-B772-A48C18116CBC}.Debug|x64.ActiveCfg = Debug|Any CPU
		{A969803F-C2AF-4E42-B772-A48C18116CBC}.Debug|x64.Build.0 = Debug|Any CPU
		{A969803F-C2AF-4E42-B772-A48C18116CBC}.Debug|x86.ActiveCfg = Debug|Any CPU
		{A969803F-C2AF-4E42-B772-A48C18116CBC}.Debug|x86.Build.0 = Debug|Any CPU
		{A969803F-C2AF-4E42-B772-A48C18116CBC}.Release|Any CPU.ActiveCfg = Release|Any CPU
		{A969803F-C2AF-4E42-B772-A48C18116CBC}.Release|Any CPU.Build.0 = Release|Any CPU
		{A969803F-C2AF-4E42-B772-A48C18116CBC}.Release|x64.ActiveCfg = Release|Any CPU
		{A969803F-C2AF-4E42-B772-A48C18116CBC}.Release|x64.Build.0 = Release|Any CPU
		{A969803F-C2AF-4E42-B772-A48C18116CBC}.Release|x86.ActiveCfg = Release|Any CPU
		{A969803F-C2AF-4E42-B772-A48C18116CBC}.Release|x86.Build.0 = Release|Any CPU
		{8975D064-7ECE-49EE-A68D-F52D22B4D98F}.Debug|Any CPU.ActiveCfg = Debug|Any CPU
		{8975D064-7ECE-49EE-A68D-F52D22B4D98F}.Debug|Any CPU.Build.0 = Debug|Any CPU
		{8975D064-7ECE-49EE-A68D-F52D22B4D98F}.Debug|x64.ActiveCfg = Debug|Any CPU
		{8975D064-7ECE-49EE-A68D-F52D22B4D98F}.Debug|x64.Build.0 = Debug|Any CPU
		{8975D064-7ECE-49EE-A68D-F52D22B4D98F}.Debug|x86.ActiveCfg = Debug|Any CPU
		{8975D064-7ECE-49EE-A68D-F52D22B4D98F}.Debug|x86.Build.0 = Debug|Any CPU
		{8975D064-7ECE-49EE-A68D-F52D22B4D98F}.Release|Any CPU.ActiveCfg = Release|Any CPU
		{8975D064-7ECE-49EE-A68D-F52D22B4D98F}.Release|Any CPU.Build.0 = Release|Any CPU
		{8975D064-7ECE-49EE-A68D-F52D22B4D98F}.Release|x64.ActiveCfg = Release|Any CPU
		{8975D064-7ECE-49EE-A68D-F52D22B4D98F}.Release|x64.Build.0 = Release|Any CPU
		{8975D064-7ECE-49EE-A68D-F52D22B4D98F}.Release|x86.ActiveCfg = Release|Any CPU
		{8975D064-7ECE-49EE-A68D-F52D22B4D98F}.Release|x86.Build.0 = Release|Any CPU
		{385C11FF-EF0F-4FD5-B207-B76820ADE367}.Debug|Any CPU.ActiveCfg = Debug|Any CPU
		{385C11FF-EF0F-4FD5-B207-B76820ADE367}.Debug|Any CPU.Build.0 = Debug|Any CPU
		{385C11FF-EF0F-4FD5-B207-B76820ADE367}.Debug|x64.ActiveCfg = Debug|x64
		{385C11FF-EF0F-4FD5-B207-B76820ADE367}.Debug|x64.Build.0 = Debug|x64
		{385C11FF-EF0F-4FD5-B207-B76820ADE367}.Debug|x86.ActiveCfg = Debug|Any CPU
		{385C11FF-EF0F-4FD5-B207-B76820ADE367}.Debug|x86.Build.0 = Debug|Any CPU
		{385C11FF-EF0F-4FD5-B207-B76820ADE367}.Release|Any CPU.ActiveCfg = Release|Any CPU
		{385C11FF-EF0F-4FD5-B207-B76820ADE367}.Release|Any CPU.Build.0 = Release|Any CPU
		{385C11FF-EF0F-4FD5-B207-B76820ADE367}.Release|x64.ActiveCfg = Release|x64
		{385C11FF-EF0F-4FD5-B207-B76820ADE367}.Release|x64.Build.0 = Release|x64
		{385C11FF-EF0F-4FD5-B207-B76820ADE367}.Release|x86.ActiveCfg = Release|Any CPU
		{385C11FF-EF0F-4FD5-B207-B76820ADE367}.Release|x86.Build.0 = Release|Any CPU
		{786E2464-E23C-4392-A81A-870456D7FD63}.Debug|Any CPU.ActiveCfg = Debug|Any CPU
		{786E2464-E23C-4392-A81A-870456D7FD63}.Debug|Any CPU.Build.0 = Debug|Any CPU
		{786E2464-E23C-4392-A81A-870456D7FD63}.Debug|x64.ActiveCfg = Debug|x64
		{786E2464-E23C-4392-A81A-870456D7FD63}.Debug|x64.Build.0 = Debug|x64
		{786E2464-E23C-4392-A81A-870456D7FD63}.Debug|x86.ActiveCfg = Debug|Any CPU
		{786E2464-E23C-4392-A81A-870456D7FD63}.Debug|x86.Build.0 = Debug|Any CPU
		{786E2464-E23C-4392-A81A-870456D7FD63}.Release|Any CPU.ActiveCfg = Release|Any CPU
		{786E2464-E23C-4392-A81A-870456D7FD63}.Release|Any CPU.Build.0 = Release|Any CPU
		{786E2464-E23C-4392-A81A-870456D7FD63}.Release|x64.ActiveCfg = Release|x64
		{786E2464-E23C-4392-A81A-870456D7FD63}.Release|x64.Build.0 = Release|x64
		{786E2464-E23C-4392-A81A-870456D7FD63}.Release|x86.ActiveCfg = Release|Any CPU
		{786E2464-E23C-4392-A81A-870456D7FD63}.Release|x86.Build.0 = Release|Any CPU
		{853E7B3F-A045-4730-855C-CB04F9799FEF}.Debug|Any CPU.ActiveCfg = Debug|Any CPU
		{853E7B3F-A045-4730-855C-CB04F9799FEF}.Debug|Any CPU.Build.0 = Debug|Any CPU
		{853E7B3F-A045-4730-855C-CB04F9799FEF}.Debug|x64.ActiveCfg = Debug|x64
		{853E7B3F-A045-4730-855C-CB04F9799FEF}.Debug|x64.Build.0 = Debug|x64
		{853E7B3F-A045-4730-855C-CB04F9799FEF}.Debug|x86.ActiveCfg = Debug|Any CPU
		{853E7B3F-A045-4730-855C-CB04F9799FEF}.Debug|x86.Build.0 = Debug|Any CPU
		{853E7B3F-A045-4730-855C-CB04F9799FEF}.Release|Any CPU.ActiveCfg = Release|Any CPU
		{853E7B3F-A045-4730-855C-CB04F9799FEF}.Release|Any CPU.Build.0 = Release|Any CPU
		{853E7B3F-A045-4730-855C-CB04F9799FEF}.Release|x64.ActiveCfg = Release|x64
		{853E7B3F-A045-4730-855C-CB04F9799FEF}.Release|x64.Build.0 = Release|x64
		{853E7B3F-A045-4730-855C-CB04F9799FEF}.Release|x86.ActiveCfg = Release|Any CPU
		{853E7B3F-A045-4730-855C-CB04F9799FEF}.Release|x86.Build.0 = Release|Any CPU
	EndGlobalSection
	GlobalSection(SolutionProperties) = preSolution
		HideSolutionNode = FALSE
	EndGlobalSection
	GlobalSection(ExtensibilityGlobals) = postSolution
		SolutionGuid = {91033C52-D2C7-446E-98EC-025450DFD9FA}
	EndGlobalSection
EndGlobal
